// !$*UTF8*$!
{
	archiveVersion = 1;
	classes = {
	};
	objectVersion = 55;
	objects = {

/* Begin PBXBuildFile section */
		074A0C6628912D5A0095EA78 /* AppDelegate.swift in Sources */ = {isa = PBXBuildFile; fileRef = 074A0C6528912D5A0095EA78 /* AppDelegate.swift */; };
		074A0C6828912D5A0095EA78 /* SceneDelegate.swift in Sources */ = {isa = PBXBuildFile; fileRef = 074A0C6728912D5A0095EA78 /* SceneDelegate.swift */; };
		074A0C6F28912D5D0095EA78 /* Assets.xcassets in Resources */ = {isa = PBXBuildFile; fileRef = 074A0C6E28912D5D0095EA78 /* Assets.xcassets */; };
		074A0C7228912D5D0095EA78 /* LaunchScreen.storyboard in Resources */ = {isa = PBXBuildFile; fileRef = 074A0C7028912D5D0095EA78 /* LaunchScreen.storyboard */; };
		074A0C7A289130810095EA78 /* BaseViewController.swift in Sources */ = {isa = PBXBuildFile; fileRef = 074A0C79289130810095EA78 /* BaseViewController.swift */; };
		074A0C822891349D0095EA78 /* SplashViewController.swift in Sources */ = {isa = PBXBuildFile; fileRef = 074A0C812891349D0095EA78 /* SplashViewController.swift */; };
		074A0C84289134C90095EA78 /* SplashScreen.storyboard in Resources */ = {isa = PBXBuildFile; fileRef = 074A0C83289134C90095EA78 /* SplashScreen.storyboard */; };
		074A0C882891358B0095EA78 /* MoviesModel.swift in Sources */ = {isa = PBXBuildFile; fileRef = 074A0C872891358B0095EA78 /* MoviesModel.swift */; };
		074A0C8A289135A90095EA78 /* MoviesViewModel.swift in Sources */ = {isa = PBXBuildFile; fileRef = 074A0C89289135A90095EA78 /* MoviesViewModel.swift */; };
		074A0C8D289139DD0095EA78 /* WebServices.swift in Sources */ = {isa = PBXBuildFile; fileRef = 074A0C8C289139DD0095EA78 /* WebServices.swift */; };
		9DF3CFEE402E01B8B611295A /* Pods_MobiMovie.framework in Frameworks */ = {isa = PBXBuildFile; fileRef = A2045A2297A886EE3F2B28D2 /* Pods_MobiMovie.framework */; };
/* End PBXBuildFile section */

/* Begin PBXFileReference section */
		074A0C6228912D5A0095EA78 /* MobiMovie.app */ = {isa = PBXFileReference; explicitFileType = wrapper.application; includeInIndex = 0; path = MobiMovie.app; sourceTree = BUILT_PRODUCTS_DIR; };
		074A0C6528912D5A0095EA78 /* AppDelegate.swift */ = {isa = PBXFileReference; lastKnownFileType = sourcecode.swift; path = AppDelegate.swift; sourceTree = "<group>"; };
		074A0C6728912D5A0095EA78 /* SceneDelegate.swift */ = {isa = PBXFileReference; lastKnownFileType = sourcecode.swift; path = SceneDelegate.swift; sourceTree = "<group>"; };
		074A0C6E28912D5D0095EA78 /* Assets.xcassets */ = {isa = PBXFileReference; lastKnownFileType = folder.assetcatalog; path = Assets.xcassets; sourceTree = "<group>"; };
		074A0C7128912D5D0095EA78 /* Base */ = {isa = PBXFileReference; lastKnownFileType = file.storyboard; name = Base; path = Base.lproj/LaunchScreen.storyboard; sourceTree = "<group>"; };
		074A0C7328912D5D0095EA78 /* Info.plist */ = {isa = PBXFileReference; lastKnownFileType = text.plist.xml; path = Info.plist; sourceTree = "<group>"; };
		074A0C79289130810095EA78 /* BaseViewController.swift */ = {isa = PBXFileReference; lastKnownFileType = sourcecode.swift; path = BaseViewController.swift; sourceTree = "<group>"; };
		074A0C812891349D0095EA78 /* SplashViewController.swift */ = {isa = PBXFileReference; lastKnownFileType = sourcecode.swift; path = SplashViewController.swift; sourceTree = "<group>"; };
		074A0C83289134C90095EA78 /* SplashScreen.storyboard */ = {isa = PBXFileReference; lastKnownFileType = file.storyboard; path = SplashScreen.storyboard; sourceTree = "<group>"; };
		074A0C872891358B0095EA78 /* MoviesModel.swift */ = {isa = PBXFileReference; lastKnownFileType = sourcecode.swift; path = MoviesModel.swift; sourceTree = "<group>"; };
		074A0C89289135A90095EA78 /* MoviesViewModel.swift */ = {isa = PBXFileReference; lastKnownFileType = sourcecode.swift; path = MoviesViewModel.swift; sourceTree = "<group>"; };
		074A0C8C289139DD0095EA78 /* WebServices.swift */ = {isa = PBXFileReference; lastKnownFileType = sourcecode.swift; path = WebServices.swift; sourceTree = "<group>"; };
		83B4C2FFFCDEE972D472BBB2 /* Pods-MobiMovie.release.xcconfig */ = {isa = PBXFileReference; includeInIndex = 1; lastKnownFileType = text.xcconfig; name = "Pods-MobiMovie.release.xcconfig"; path = "Target Support Files/Pods-MobiMovie/Pods-MobiMovie.release.xcconfig"; sourceTree = "<group>"; };
		A2045A2297A886EE3F2B28D2 /* Pods_MobiMovie.framework */ = {isa = PBXFileReference; explicitFileType = wrapper.framework; includeInIndex = 0; path = Pods_MobiMovie.framework; sourceTree = BUILT_PRODUCTS_DIR; };
		F41608399B8AFDD5F64AE44D /* Pods-MobiMovie.debug.xcconfig */ = {isa = PBXFileReference; includeInIndex = 1; lastKnownFileType = text.xcconfig; name = "Pods-MobiMovie.debug.xcconfig"; path = "Target Support Files/Pods-MobiMovie/Pods-MobiMovie.debug.xcconfig"; sourceTree = "<group>"; };
/* End PBXFileReference section */

/* Begin PBXFrameworksBuildPhase section */
		074A0C5F28912D5A0095EA78 /* Frameworks */ = {
			isa = PBXFrameworksBuildPhase;
			buildActionMask = 2147483647;
			files = (
				9DF3CFEE402E01B8B611295A /* Pods_MobiMovie.framework in Frameworks */,
			);
			runOnlyForDeploymentPostprocessing = 0;
		};
/* End PBXFrameworksBuildPhase section */

/* Begin PBXGroup section */
		074A0C5928912D5A0095EA78 = {
			isa = PBXGroup;
			children = (
				074A0C6428912D5A0095EA78 /* MobiMovie */,
				074A0C6328912D5A0095EA78 /* Products */,
				DE57EE162722AF3BD7AEF30F /* Pods */,
				0D540E8FBB5E53334AF82CE8 /* Frameworks */,
			);
			sourceTree = "<group>";
		};
		074A0C6328912D5A0095EA78 /* Products */ = {
			isa = PBXGroup;
			children = (
				074A0C6228912D5A0095EA78 /* MobiMovie.app */,
			);
			name = Products;
			sourceTree = "<group>";
		};
		074A0C6428912D5A0095EA78 /* MobiMovie */ = {
			isa = PBXGroup;
			children = (
				074A0C8B289139650095EA78 /* Services */,
				074A0C80289131D00095EA78 /* Model */,
				074A0C7F289131BF0095EA78 /* View */,
				074A0C7E289131B30095EA78 /* ViewModel */,
				074A0C7D289131910095EA78 /* Constants */,
				074A0C7C289130980095EA78 /* Resources */,
				074A0C7B289130870095EA78 /* Base */,
				074A0C6528912D5A0095EA78 /* AppDelegate.swift */,
				074A0C6728912D5A0095EA78 /* SceneDelegate.swift */,
				074A0C7028912D5D0095EA78 /* LaunchScreen.storyboard */,
			);
			path = MobiMovie;
			sourceTree = "<group>";
		};
		074A0C7B289130870095EA78 /* Base */ = {
			isa = PBXGroup;
			children = (
				074A0C79289130810095EA78 /* BaseViewController.swift */,
			);
			path = Base;
			sourceTree = "<group>";
		};
		074A0C7C289130980095EA78 /* Resources */ = {
			isa = PBXGroup;
			children = (
				074A0C6E28912D5D0095EA78 /* Assets.xcassets */,
				074A0C7328912D5D0095EA78 /* Info.plist */,
			);
			path = Resources;
			sourceTree = "<group>";
		};
		074A0C7D289131910095EA78 /* Constants */ = {
			isa = PBXGroup;
			children = (
			);
			path = Constants;
			sourceTree = "<group>";
		};
		074A0C7E289131B30095EA78 /* ViewModel */ = {
			isa = PBXGroup;
			children = (
				074A0C89289135A90095EA78 /* MoviesViewModel.swift */,
			);
			path = ViewModel;
			sourceTree = "<group>";
		};
		074A0C7F289131BF0095EA78 /* View */ = {
			isa = PBXGroup;
			children = (
				074A0C86289135310095EA78 /* Splash */,
				074A0C85289135270095EA78 /* Main */,
			);
			path = View;
			sourceTree = "<group>";
		};
		074A0C80289131D00095EA78 /* Model */ = {
			isa = PBXGroup;
			children = (
				074A0C872891358B0095EA78 /* MoviesModel.swift */,
			);
			path = Model;
			sourceTree = "<group>";
		};
		074A0C85289135270095EA78 /* Main */ = {
			isa = PBXGroup;
			children = (
			);
			path = Main;
			sourceTree = "<group>";
		};
		074A0C86289135310095EA78 /* Splash */ = {
			isa = PBXGroup;
			children = (
				074A0C812891349D0095EA78 /* SplashViewController.swift */,
				074A0C83289134C90095EA78 /* SplashScreen.storyboard */,
			);
			path = Splash;
			sourceTree = "<group>";
		};
		074A0C8B289139650095EA78 /* Services */ = {
			isa = PBXGroup;
			children = (
				074A0C8C289139DD0095EA78 /* WebServices.swift */,
			);
			path = Services;
			sourceTree = "<group>";
		};
		0D540E8FBB5E53334AF82CE8 /* Frameworks */ = {
			isa = PBXGroup;
			children = (
				A2045A2297A886EE3F2B28D2 /* Pods_MobiMovie.framework */,
			);
			name = Frameworks;
			sourceTree = "<group>";
		};
		DE57EE162722AF3BD7AEF30F /* Pods */ = {
			isa = PBXGroup;
			children = (
				F41608399B8AFDD5F64AE44D /* Pods-MobiMovie.debug.xcconfig */,
				83B4C2FFFCDEE972D472BBB2 /* Pods-MobiMovie.release.xcconfig */,
			);
			name = Pods;
			path = Pods;
			sourceTree = "<group>";
		};
/* End PBXGroup section */

/* Begin PBXNativeTarget section */
		074A0C6128912D5A0095EA78 /* MobiMovie */ = {
			isa = PBXNativeTarget;
			buildConfigurationList = 074A0C7628912D5D0095EA78 /* Build configuration list for PBXNativeTarget "MobiMovie" */;
			buildPhases = (
				02CA4E49E509E77F040616EA /* [CP] Check Pods Manifest.lock */,
				074A0C5E28912D5A0095EA78 /* Sources */,
				074A0C5F28912D5A0095EA78 /* Frameworks */,
				074A0C6028912D5A0095EA78 /* Resources */,
				638423DEC30C3CD909C815DA /* [CP] Embed Pods Frameworks */,
			);
			buildRules = (
			);
			dependencies = (
			);
			name = MobiMovie;
			productName = MobiMovie;
			productReference = 074A0C6228912D5A0095EA78 /* MobiMovie.app */;
			productType = "com.apple.product-type.application";
		};
/* End PBXNativeTarget section */

/* Begin PBXProject section */
		074A0C5A28912D5A0095EA78 /* Project object */ = {
			isa = PBXProject;
			attributes = {
				BuildIndependentTargetsInParallel = 1;
				LastSwiftUpdateCheck = 1330;
				LastUpgradeCheck = 1330;
				TargetAttributes = {
					074A0C6128912D5A0095EA78 = {
						CreatedOnToolsVersion = 13.3;
					};
				};
			};
			buildConfigurationList = 074A0C5D28912D5A0095EA78 /* Build configuration list for PBXProject "MobiMovie" */;
			compatibilityVersion = "Xcode 13.0";
			developmentRegion = en;
			hasScannedForEncodings = 0;
			knownRegions = (
				en,
				Base,
			);
			mainGroup = 074A0C5928912D5A0095EA78;
			productRefGroup = 074A0C6328912D5A0095EA78 /* Products */;
			projectDirPath = "";
			projectRoot = "";
			targets = (
				074A0C6128912D5A0095EA78 /* MobiMovie */,
			);
		};
/* End PBXProject section */

/* Begin PBXResourcesBuildPhase section */
		074A0C6028912D5A0095EA78 /* Resources */ = {
			isa = PBXResourcesBuildPhase;
			buildActionMask = 2147483647;
			files = (
				074A0C7228912D5D0095EA78 /* LaunchScreen.storyboard in Resources */,
				074A0C84289134C90095EA78 /* SplashScreen.storyboard in Resources */,
				074A0C6F28912D5D0095EA78 /* Assets.xcassets in Resources */,
			);
			runOnlyForDeploymentPostprocessing = 0;
		};
/* End PBXResourcesBuildPhase section */

/* Begin PBXShellScriptBuildPhase section */
		02CA4E49E509E77F040616EA /* [CP] Check Pods Manifest.lock */ = {
			isa = PBXShellScriptBuildPhase;
			buildActionMask = 2147483647;
			files = (
			);
			inputFileListPaths = (
			);
			inputPaths = (
				"${PODS_PODFILE_DIR_PATH}/Podfile.lock",
				"${PODS_ROOT}/Manifest.lock",
			);
			name = "[CP] Check Pods Manifest.lock";
			outputFileListPaths = (
			);
			outputPaths = (
				"$(DERIVED_FILE_DIR)/Pods-MobiMovie-checkManifestLockResult.txt",
			);
			runOnlyForDeploymentPostprocessing = 0;
			shellPath = /bin/sh;
			shellScript = "diff \"${PODS_PODFILE_DIR_PATH}/Podfile.lock\" \"${PODS_ROOT}/Manifest.lock\" > /dev/null\nif [ $? != 0 ] ; then\n    # print error to STDERR\n    echo \"error: The sandbox is not in sync with the Podfile.lock. Run 'pod install' or update your CocoaPods installation.\" >&2\n    exit 1\nfi\n# This output is used by Xcode 'outputs' to avoid re-running this script phase.\necho \"SUCCESS\" > \"${SCRIPT_OUTPUT_FILE_0}\"\n";
			showEnvVarsInLog = 0;
		};
		638423DEC30C3CD909C815DA /* [CP] Embed Pods Frameworks */ = {
			isa = PBXShellScriptBuildPhase;
			buildActionMask = 2147483647;
			files = (
			);
			inputFileListPaths = (
				"${PODS_ROOT}/Target Support Files/Pods-MobiMovie/Pods-MobiMovie-frameworks-${CONFIGURATION}-input-files.xcfilelist",
			);
			name = "[CP] Embed Pods Frameworks";
			outputFileListPaths = (
				"${PODS_ROOT}/Target Support Files/Pods-MobiMovie/Pods-MobiMovie-frameworks-${CONFIGURATION}-output-files.xcfilelist",
			);
			runOnlyForDeploymentPostprocessing = 0;
			shellPath = /bin/sh;
			shellScript = "\"${PODS_ROOT}/Target Support Files/Pods-MobiMovie/Pods-MobiMovie-frameworks.sh\"\n";
			showEnvVarsInLog = 0;
		};
/* End PBXShellScriptBuildPhase section */

/* Begin PBXSourcesBuildPhase section */
		074A0C5E28912D5A0095EA78 /* Sources */ = {
			isa = PBXSourcesBuildPhase;
			buildActionMask = 2147483647;
			files = (
				074A0C822891349D0095EA78 /* SplashViewController.swift in Sources */,
				074A0C8A289135A90095EA78 /* MoviesViewModel.swift in Sources */,
				074A0C8D289139DD0095EA78 /* WebServices.swift in Sources */,
				074A0C6628912D5A0095EA78 /* AppDelegate.swift in Sources */,
				074A0C882891358B0095EA78 /* MoviesModel.swift in Sources */,
				074A0C6828912D5A0095EA78 /* SceneDelegate.swift in Sources */,
				074A0C7A289130810095EA78 /* BaseViewController.swift in Sources */,
			);
			runOnlyForDeploymentPostprocessing = 0;
		};
/* End PBXSourcesBuildPhase section */

/* Begin PBXVariantGroup section */
		074A0C7028912D5D0095EA78 /* LaunchScreen.storyboard */ = {
			isa = PBXVariantGroup;
			children = (
				074A0C7128912D5D0095EA78 /* Base */,
			);
			name = LaunchScreen.storyboard;
			sourceTree = "<group>";
		};
/* End PBXVariantGroup section */

/* Begin XCBuildConfiguration section */
		074A0C7428912D5D0095EA78 /* Debug */ = {
			isa = XCBuildConfiguration;
			buildSettings = {
				ALWAYS_SEARCH_USER_PATHS = NO;
				CLANG_ANALYZER_NONNULL = YES;
				CLANG_ANALYZER_NUMBER_OBJECT_CONVERSION = YES_AGGRESSIVE;
				CLANG_CXX_LANGUAGE_STANDARD = "gnu++17";
				CLANG_ENABLE_MODULES = YES;
				CLANG_ENABLE_OBJC_ARC = YES;
				CLANG_ENABLE_OBJC_WEAK = YES;
				CLANG_WARN_BLOCK_CAPTURE_AUTORELEASING = YES;
				CLANG_WARN_BOOL_CONVERSION = YES;
				CLANG_WARN_COMMA = YES;
				CLANG_WARN_CONSTANT_CONVERSION = YES;
				CLANG_WARN_DEPRECATED_OBJC_IMPLEMENTATIONS = YES;
				CLANG_WARN_DIRECT_OBJC_ISA_USAGE = YES_ERROR;
				CLANG_WARN_DOCUMENTATION_COMMENTS = YES;
				CLANG_WARN_EMPTY_BODY = YES;
				CLANG_WARN_ENUM_CONVERSION = YES;
				CLANG_WARN_INFINITE_RECURSION = YES;
				CLANG_WARN_INT_CONVERSION = YES;
				CLANG_WARN_NON_LITERAL_NULL_CONVERSION = YES;
				CLANG_WARN_OBJC_IMPLICIT_RETAIN_SELF = YES;
				CLANG_WARN_OBJC_LITERAL_CONVERSION = YES;
				CLANG_WARN_OBJC_ROOT_CLASS = YES_ERROR;
				CLANG_WARN_QUOTED_INCLUDE_IN_FRAMEWORK_HEADER = YES;
				CLANG_WARN_RANGE_LOOP_ANALYSIS = YES;
				CLANG_WARN_STRICT_PROTOTYPES = YES;
				CLANG_WARN_SUSPICIOUS_MOVE = YES;
				CLANG_WARN_UNGUARDED_AVAILABILITY = YES_AGGRESSIVE;
				CLANG_WARN_UNREACHABLE_CODE = YES;
				CLANG_WARN__DUPLICATE_METHOD_MATCH = YES;
				COPY_PHASE_STRIP = NO;
				DEBUG_INFORMATION_FORMAT = dwarf;
				ENABLE_STRICT_OBJC_MSGSEND = YES;
				ENABLE_TESTABILITY = YES;
				GCC_C_LANGUAGE_STANDARD = gnu11;
				GCC_DYNAMIC_NO_PIC = NO;
				GCC_NO_COMMON_BLOCKS = YES;
				GCC_OPTIMIZATION_LEVEL = 0;
				GCC_PREPROCESSOR_DEFINITIONS = (
					"DEBUG=1",
					"$(inherited)",
				);
				GCC_WARN_64_TO_32_BIT_CONVERSION = YES;
				GCC_WARN_ABOUT_RETURN_TYPE = YES_ERROR;
				GCC_WARN_UNDECLARED_SELECTOR = YES;
				GCC_WARN_UNINITIALIZED_AUTOS = YES_AGGRESSIVE;
				GCC_WARN_UNUSED_FUNCTION = YES;
				GCC_WARN_UNUSED_VARIABLE = YES;
				IPHONEOS_DEPLOYMENT_TARGET = 15.4;
				MTL_ENABLE_DEBUG_INFO = INCLUDE_SOURCE;
				MTL_FAST_MATH = YES;
				ONLY_ACTIVE_ARCH = YES;
				SDKROOT = iphoneos;
				SWIFT_ACTIVE_COMPILATION_CONDITIONS = DEBUG;
				SWIFT_OPTIMIZATION_LEVEL = "-Onone";
			};
			name = Debug;
		};
		074A0C7528912D5D0095EA78 /* Release */ = {
			isa = XCBuildConfiguration;
			buildSettings = {
				ALWAYS_SEARCH_USER_PATHS = NO;
				CLANG_ANALYZER_NONNULL = YES;
				CLANG_ANALYZER_NUMBER_OBJECT_CONVERSION = YES_AGGRESSIVE;
				CLANG_CXX_LANGUAGE_STANDARD = "gnu++17";
				CLANG_ENABLE_MODULES = YES;
				CLANG_ENABLE_OBJC_ARC = YES;
				CLANG_ENABLE_OBJC_WEAK = YES;
				CLANG_WARN_BLOCK_CAPTURE_AUTORELEASING = YES;
				CLANG_WARN_BOOL_CONVERSION = YES;
				CLANG_WARN_COMMA = YES;
				CLANG_WARN_CONSTANT_CONVERSION = YES;
				CLANG_WARN_DEPRECATED_OBJC_IMPLEMENTATIONS = YES;
				CLANG_WARN_DIRECT_OBJC_ISA_USAGE = YES_ERROR;
				CLANG_WARN_DOCUMENTATION_COMMENTS = YES;
				CLANG_WARN_EMPTY_BODY = YES;
				CLANG_WARN_ENUM_CONVERSION = YES;
				CLANG_WARN_INFINITE_RECURSION = YES;
				CLANG_WARN_INT_CONVERSION = YES;
				CLANG_WARN_NON_LITERAL_NULL_CONVERSION = YES;
				CLANG_WARN_OBJC_IMPLICIT_RETAIN_SELF = YES;
				CLANG_WARN_OBJC_LITERAL_CONVERSION = YES;
				CLANG_WARN_OBJC_ROOT_CLASS = YES_ERROR;
				CLANG_WARN_QUOTED_INCLUDE_IN_FRAMEWORK_HEADER = YES;
				CLANG_WARN_RANGE_LOOP_ANALYSIS = YES;
				CLANG_WARN_STRICT_PROTOTYPES = YES;
				CLANG_WARN_SUSPICIOUS_MOVE = YES;
				CLANG_WARN_UNGUARDED_AVAILABILITY = YES_AGGRESSIVE;
				CLANG_WARN_UNREACHABLE_CODE = YES;
				CLANG_WARN__DUPLICATE_METHOD_MATCH = YES;
				COPY_PHASE_STRIP = NO;
				DEBUG_INFORMATION_FORMAT = "dwarf-with-dsym";
				ENABLE_NS_ASSERTIONS = NO;
				ENABLE_STRICT_OBJC_MSGSEND = YES;
				GCC_C_LANGUAGE_STANDARD = gnu11;
				GCC_NO_COMMON_BLOCKS = YES;
				GCC_WARN_64_TO_32_BIT_CONVERSION = YES;
				GCC_WARN_ABOUT_RETURN_TYPE = YES_ERROR;
				GCC_WARN_UNDECLARED_SELECTOR = YES;
				GCC_WARN_UNINITIALIZED_AUTOS = YES_AGGRESSIVE;
				GCC_WARN_UNUSED_FUNCTION = YES;
				GCC_WARN_UNUSED_VARIABLE = YES;
				IPHONEOS_DEPLOYMENT_TARGET = 15.4;
				MTL_ENABLE_DEBUG_INFO = NO;
				MTL_FAST_MATH = YES;
				SDKROOT = iphoneos;
				SWIFT_COMPILATION_MODE = wholemodule;
				SWIFT_OPTIMIZATION_LEVEL = "-O";
				VALIDATE_PRODUCT = YES;
			};
			name = Release;
		};
		074A0C7728912D5D0095EA78 /* Debug */ = {
			isa = XCBuildConfiguration;
			baseConfigurationReference = F41608399B8AFDD5F64AE44D /* Pods-MobiMovie.debug.xcconfig */;
			buildSettings = {
				ASSETCATALOG_COMPILER_APPICON_NAME = AppIcon;
				ASSETCATALOG_COMPILER_GLOBAL_ACCENT_COLOR_NAME = AccentColor;
				CODE_SIGN_STYLE = Automatic;
				CURRENT_PROJECT_VERSION = 1;
				DEVELOPMENT_TEAM = L8CJRZAUQT;
				GENERATE_INFOPLIST_FILE = YES;
				INFOPLIST_FILE = MobiMovie/Resources/Info.plist;
				INFOPLIST_KEY_UIApplicationSupportsIndirectInputEvents = YES;
				INFOPLIST_KEY_UILaunchStoryboardName = LaunchScreen;
				INFOPLIST_KEY_UIMainStoryboardFile = Main;
				INFOPLIST_KEY_UISupportedInterfaceOrientations_iPad = "UIInterfaceOrientationPortrait UIInterfaceOrientationPortraitUpsideDown UIInterfaceOrientationLandscapeLeft UIInterfaceOrientationLandscapeRight";
				INFOPLIST_KEY_UISupportedInterfaceOrientations_iPhone = "UIInterfaceOrientationPortrait UIInterfaceOrientationLandscapeLeft UIInterfaceOrientationLandscapeRight";
				LD_RUNPATH_SEARCH_PATHS = (
					"$(inherited)",
					"@executable_path/Frameworks",
				);
				MARKETING_VERSION = 1.0;
				PRODUCT_BUNDLE_IDENTIFIER = com.ibrahimeryilmaz.MobiMovie;
				PRODUCT_NAME = "$(TARGET_NAME)";
				SWIFT_EMIT_LOC_STRINGS = YES;
				SWIFT_VERSION = 5.0;
				TARGETED_DEVICE_FAMILY = "1,2";
			};
			name = Debug;
		};
		074A0C7828912D5D0095EA78 /* Release */ = {
			isa = XCBuildConfiguration;
			baseConfigurationReference = 83B4C2FFFCDEE972D472BBB2 /* Pods-MobiMovie.release.xcconfig */;
			buildSettings = {
				ASSETCATALOG_COMPILER_APPICON_NAME = AppIcon;
				ASSETCATALOG_COMPILER_GLOBAL_ACCENT_COLOR_NAME = AccentColor;
				CODE_SIGN_STYLE = Automatic;
				CURRENT_PROJECT_VERSION = 1;
				DEVELOPMENT_TEAM = L8CJRZAUQT;
				GENERATE_INFOPLIST_FILE = YES;
				INFOPLIST_FILE = MobiMovie/Resources/Info.plist;
				INFOPLIST_KEY_UIApplicationSupportsIndirectInputEvents = YES;
				INFOPLIST_KEY_UILaunchStoryboardName = LaunchScreen;
				INFOPLIST_KEY_UIMainStoryboardFile = Main;
				INFOPLIST_KEY_UISupportedInterfaceOrientations_iPad = "UIInterfaceOrientationPortrait UIInterfaceOrientationPortraitUpsideDown UIInterfaceOrientationLandscapeLeft UIInterfaceOrientationLandscapeRight";
				INFOPLIST_KEY_UISupportedInterfaceOrientations_iPhone = "UIInterfaceOrientationPortrait UIInterfaceOrientationLandscapeLeft UIInterfaceOrientationLandscapeRight";
				LD_RUNPATH_SEARCH_PATHS = (
					"$(inherited)",
					"@executable_path/Frameworks",
				);
				MARKETING_VERSION = 1.0;
				PRODUCT_BUNDLE_IDENTIFIER = com.ibrahimeryilmaz.MobiMovie;
				PRODUCT_NAME = "$(TARGET_NAME)";
				SWIFT_EMIT_LOC_STRINGS = YES;
				SWIFT_VERSION = 5.0;
				TARGETED_DEVICE_FAMILY = "1,2";
			};
			name = Release;
		};
/* End XCBuildConfiguration section */

/* Begin XCConfigurationList section */
		074A0C5D28912D5A0095EA78 /* Build configuration list for PBXProject "MobiMovie" */ = {
			isa = XCConfigurationList;
			buildConfigurations = (
				074A0C7428912D5D0095EA78 /* Debug */,
				074A0C7528912D5D0095EA78 /* Release */,
			);
			defaultConfigurationIsVisible = 0;
			defaultConfigurationName = Release;
		};
		074A0C7628912D5D0095EA78 /* Build configuration list for PBXNativeTarget "MobiMovie" */ = {
			isa = XCConfigurationList;
			buildConfigurations = (
				074A0C7728912D5D0095EA78 /* Debug */,
				074A0C7828912D5D0095EA78 /* Release */,
			);
			defaultConfigurationIsVisible = 0;
			defaultConfigurationName = Release;
		};
/* End XCConfigurationList section */
	};
	rootObject = 074A0C5A28912D5A0095EA78 /* Project object */;
}
